uuid: b2dadda4-fa1c-4297-ae5e-ffe84a284285
langcode: en
status: true
dependencies:
  config:
    - paragraphs.paragraphs_type.product_small_block
  module:
    - content_translation
third_party_settings:
  content_translation:
    enabled: false
    bundle_settings:
      untranslatable_fields_hide: '0'
id: paragraph.product_small_block
target_entity_type_id: paragraph
target_bundle: product_small_block
default_langcode: site_default
language_alterable: false
