uuid: 726a729f-a39c-4a42-b5bc-1dcf4b3aa08b
langcode: en
status: true
dependencies:
  config:
    - paragraphs.paragraphs_type.history_block
  module:
    - content_translation
third_party_settings:
  content_translation:
    enabled: false
    bundle_settings:
      untranslatable_fields_hide: '0'
id: paragraph.history_block
target_entity_type_id: paragraph
target_bundle: history_block
default_langcode: site_default
language_alterable: false
