uuid: 4d09e9b8-4ddf-4adb-a80d-0374492098f2
langcode: en
status: true
dependencies:
  config:
    - paragraphs.paragraphs_type.map_block
  module:
    - content_translation
third_party_settings:
  content_translation:
    enabled: true
    bundle_settings:
      untranslatable_fields_hide: '0'
id: paragraph.map_block
target_entity_type_id: paragraph
target_bundle: map_block
default_langcode: site_default
language_alterable: true
